
Microsoft Visual Studio Solution File, Format Version 12.00
# Visual Studio Version 17
VisualStudioVersion = 17.1.32210.238
MinimumVisualStudioVersion = 10.0.40219.1
Project("{FAE04EC0-301F-11D3-BF4B-00C04F79EFBC}") = "tpmodul5_1302204105", "tpmodul5_1302204105\tpmodul5_1302204105.csproj", "{8D7D9F86-0E4F-4D87-B05A-91CB873C8A20}"
EndProject
Global
	GlobalSection(SolutionConfigurationPlatforms) = preSolution
		Debug|Any CPU = Debug|Any CPU
		Release|Any CPU = Release|Any CPU
	EndGlobalSection
	GlobalSection(ProjectConfigurationPlatforms) = postSolution
		{8D7D9F86-0E4F-4D87-B05A-91CB873C8A20}.Debug|Any CPU.ActiveCfg = Debug|Any CPU
		{8D7D9F86-0E4F-4D87-B05A-91CB873C8A20}.Debug|Any CPU.Build.0 = Debug|Any CPU
		{8D7D9F86-0E4F-4D87-B05A-91CB873C8A20}.Release|Any CPU.ActiveCfg = Release|Any CPU
		{8D7D9F86-0E4F-4D87-B05A-91CB873C8A20}.Release|Any CPU.Build.0 = Release|Any CPU
	EndGlobalSection
	GlobalSection(SolutionProperties) = preSolution
		HideSolutionNode = FALSE
	EndGlobalSection
	GlobalSection(ExtensibilityGlobals) = postSolution
		SolutionGuid = {1EA9113B-7572-4C9F-80E3-1FE2EB46746B}
	EndGlobalSection
EndGlobal
